{
  "version": "5",
  "specifiers": {
    "jsr:@hono/hono@*": "4.12.23",
    "jsr:@hono/hono@^4.12.23": "4.12.23",
    "jsr:@logtape/logtape@^2.1.1": "2.1.1",
    "jsr:@std/assert@1": "1.0.19",
    "jsr:@std/internal@^1.0.12": "1.0.14",
    "jsr:@std/internal@^1.0.14": "1.0.14",
    "jsr:@std/path@1": "1.1.5",
    "jsr:@surrealdb/surrealdb@^1.3.2": "1.3.2",
    "npm:@starfederation/datastar-sdk@1": "1.0.0",
    "npm:isows@^1.0.6": "1.0.7_ws@8.21.0",
    "npm:uuidv7@^1.0.1": "1.2.1"
  },
  "jsr": {
    "@hono/hono@4.12.23": {
      "integrity": "9d9f3da498f69c311b5f92d973eb3b8ebc973b5fd2b4972781b556e07818a745"
    },
    "@logtape/logtape@2.1.1": {
      "integrity": "f6c277215507405efe66cbe856b9b02d37fbb725b5dc9e39ee7fbdab779d1234"
    },
    "@std/assert@1.0.19": {
      "integrity": "eaada96ee120cb980bc47e040f82814d786fe8162ecc53c91d8df60b8755991e",
      "dependencies": [
        "jsr:@std/internal@^1.0.12"
      ]
    },
    "@std/internal@1.0.14": {
      "integrity": "291516b3d4c35024d6ffbc0a9df5bf4c64116e05b50012cf846710152d2ffdf7"
    },
    "@std/path@1.1.5": {
      "integrity": "ccea00982ea28c36becaf6e62f855406c76a8c32d462f66f415bbb7d83a271bc",
      "dependencies": [
        "jsr:@std/internal@^1.0.14"
      ]
    },
    "@surrealdb/surrealdb@1.3.2": {
      "integrity": "d7dcd57d775341f771526b3272a3567e0401d5084d58887a86e3d928392163ec",
      "dependencies": [
        "npm:isows",
        "npm:uuidv7"
      ]
    }
  },
  "npm": {
    "@starfederation/datastar-sdk@1.0.0": {
      "integrity": "sha512-VT1co9LeRLJ3wynffvkxXLJaCh4PHt1YUhH3zCQYhjTuaeWjozNjQQrg+BUbkDMO58mSgeQp9pgOXRWciy0y6g=="
    },
    "isows@1.0.7_ws@8.21.0": {
      "integrity": "sha512-I1fSfDCZL5P0v33sVqeTDSpcstAg/N+wF5HS033mogOVIp4B+oHC7oOCsA3axAbBSGTJ8QubbNmnIRN/h8U7hg==",
      "dependencies": [
        "ws"
      ]
    },
    "uuidv7@1.2.1": {
      "integrity": "sha512-4kPkK3/XTQW9Hbm4CaqfICn+kY9LJtDVEOfgsRRra/+n2Ofg4NqzRFceAkxvQ/Ud/6BpHOPzj8cirqM7TzTN5Q==",
      "bin": true
    },
    "ws@8.21.0": {
      "integrity": "sha512-Vsp28b7DRcimFQvrqu2Wek3z1iYxDCWqHYB8Qsnk/S4RfaCQzPGPyBNuVjJV3cd6UiKtUtp6sNM77gWvzcCH+g=="
    }
  },
  "workspace": {
    "dependencies": [
      "jsr:@hono/hono@*",
      "jsr:@hono/hono@^4.12.23",
      "jsr:@logtape/logtape@^2.1.1",
      "jsr:@std/assert@1",
      "jsr:@std/path@1",
      "jsr:@surrealdb/surrealdb@^1.3.2",
      "npm:@starfederation/datastar-sdk@1"
    ]
  }
}
